<Solution>
  <Folder Name="/src/">
    <Project Path="src/WeCms.Api/WeCms.Api.csproj" />
    <Project Path="src/WeCms.Infrastructure/WeCms.Infrastructure.csproj" />
    <Project Path="src/WeCms.Modules.Cms/WeCms.Modules.Cms.csproj" />
    <Project Path="src/WeCms.Modules.System/WeCms.Modules.System.csproj" />
    <Project Path="src/WeCms.Persistence/WeCms.Persistence.csproj" />
    <Project Path="src/WeCms.Shared/WeCms.Shared.csproj" />
  </Folder>
  <Folder Name="/tests/">
    <Project Path="tests/WeCms.Tests.Architecture/WeCms.Tests.Architecture.csproj" />
    <Project Path="tests/WeCms.Tests.Integration/WeCms.Tests.Integration.csproj" />
    <Project Path="tests/WeCms.Tests.Unit/WeCms.Tests.Unit.csproj" />
  </Folder>
</Solution>
