
Microsoft Visual Studio Solution File, Format Version 12.00
# Visual Studio Version 17
VisualStudioVersion = 17.0.31903.59
MinimumVisualStudioVersion = 10.0.40219.1
Project("{2150E333-8FDC-42A3-9474-1A3956D46DE8}") = "src", "src", "{827E0CD3-B72D-47B6-A68D-7590B98EB39B}"
EndProject
Project("{FAE04EC0-301F-11D3-BF4B-00C04F79EFBC}") = "WeCms.Api", "src\WeCms.Api\WeCms.Api.csproj", "{C95D801E-E7B5-437A-8958-87D355C5B652}"
EndProject
Project("{FAE04EC0-301F-11D3-BF4B-00C04F79EFBC}") = "WeCms.Shared", "src\WeCms.Shared\WeCms.Shared.csproj", "{2EAAB6AA-76B2-4611-8EE6-3A5A893AF8A2}"
EndProject
Project("{FAE04EC0-301F-11D3-BF4B-00C04F79EFBC}") = "WeCms.Infrastructure", "src\WeCms.Infrastructure\WeCms.Infrastructure.csproj", "{2E2A25F0-5ABC-41AE-BD4E-826D2C55C065}"
EndProject
Project("{FAE04EC0-301F-11D3-BF4B-00C04F79EFBC}") = "WeCms.Persistence", "src\WeCms.Persistence\WeCms.Persistence.csproj", "{837DD93D-6099-43EE-AD80-C7A3BCAC5193}"
EndProject
Project("{FAE04EC0-301F-11D3-BF4B-00C04F79EFBC}") = "WeCms.Modules.System", "src\WeCms.Modules.System\WeCms.Modules.System.csproj", "{0D6F4734-0978-4BDB-8C2D-F038C0AC3DC0}"
EndProject
Project("{FAE04EC0-301F-11D3-BF4B-00C04F79EFBC}") = "WeCms.Modules.Cms", "src\WeCms.Modules.Cms\WeCms.Modules.Cms.csproj", "{9A93C641-F449-4C60-B939-8A70CCC412FB}"
EndProject
Project("{2150E333-8FDC-42A3-9474-1A3956D46DE8}") = "tests", "tests", "{0AB3BF05-4346-4AA6-1389-037BE0695223}"
EndProject
Project("{FAE04EC0-301F-11D3-BF4B-00C04F79EFBC}") = "WeCms.Tests.Unit", "tests\WeCms.Tests.Unit\WeCms.Tests.Unit.csproj", "{48E0082F-64DB-49CC-8386-841E85DA4703}"
EndProject
Project("{FAE04EC0-301F-11D3-BF4B-00C04F79EFBC}") = "WeCms.Tests.Integration", "tests\WeCms.Tests.Integration\WeCms.Tests.Integration.csproj", "{9361D39E-C5E7-4941-8083-E6D812EDF96C}"
EndProject
Project("{FAE04EC0-301F-11D3-BF4B-00C04F79EFBC}") = "WeCms.Tests.Architecture", "tests\WeCms.Tests.Architecture\WeCms.Tests.Architecture.csproj", "{A1B4B74C-EB0D-483D-B5A2-E51B8B7B1503}"
EndProject
Global
	GlobalSection(SolutionConfigurationPlatforms) = preSolution
		Debug|Any CPU = Debug|Any CPU
		Debug|x64 = Debug|x64
		Debug|x86 = Debug|x86
		Release|Any CPU = Release|Any CPU
		Release|x64 = Release|x64
		Release|x86 = Release|x86
	EndGlobalSection
	GlobalSection(ProjectConfigurationPlatforms) = postSolution
		{C95D801E-E7B5-437A-8958-87D355C5B652}.Debug|Any CPU.ActiveCfg = Debug|Any CPU
		{C95D801E-E7B5-437A-8958-87D355C5B652}.Debug|Any CPU.Build.0 = Debug|Any CPU
		{C95D801E-E7B5-437A-8958-87D355C5B652}.Debug|x64.ActiveCfg = Debug|Any CPU
		{C95D801E-E7B5-437A-8958-87D355C5B652}.Debug|x64.Build.0 = Debug|Any CPU
		{C95D801E-E7B5-437A-8958-87D355C5B652}.Debug|x86.ActiveCfg = Debug|Any CPU
		{C95D801E-E7B5-437A-8958-87D355C5B652}.Debug|x86.Build.0 = Debug|Any CPU
		{C95D801E-E7B5-437A-8958-87D355C5B652}.Release|Any CPU.ActiveCfg = Release|Any CPU
		{C95D801E-E7B5-437A-8958-87D355C5B652}.Release|Any CPU.Build.0 = Release|Any CPU
		{C95D801E-E7B5-437A-8958-87D355C5B652}.Release|x64.ActiveCfg = Release|Any CPU
		{C95D801E-E7B5-437A-8958-87D355C5B652}.Release|x64.Build.0 = Release|Any CPU
		{C95D801E-E7B5-437A-8958-87D355C5B652}.Release|x86.ActiveCfg = Release|Any CPU
		{C95D801E-E7B5-437A-8958-87D355C5B652}.Release|x86.Build.0 = Release|Any CPU
		{2EAAB6AA-76B2-4611-8EE6-3A5A893AF8A2}.Debug|Any CPU.ActiveCfg = Debug|Any CPU
		{2EAAB6AA-76B2-4611-8EE6-3A5A893AF8A2}.Debug|Any CPU.Build.0 = Debug|Any CPU
		{2EAAB6AA-76B2-4611-8EE6-3A5A893AF8A2}.Debug|x64.ActiveCfg = Debug|Any CPU
		{2EAAB6AA-76B2-4611-8EE6-3A5A893AF8A2}.Debug|x64.Build.0 = Debug|Any CPU
		{2EAAB6AA-76B2-4611-8EE6-3A5A893AF8A2}.Debug|x86.ActiveCfg = Debug|Any CPU
		{2EAAB6AA-76B2-4611-8EE6-3A5A893AF8A2}.Debug|x86.Build.0 = Debug|Any CPU
		{2EAAB6AA-76B2-4611-8EE6-3A5A893AF8A2}.Release|Any CPU.ActiveCfg = Release|Any CPU
		{2EAAB6AA-76B2-4611-8EE6-3A5A893AF8A2}.Release|Any CPU.Build.0 = Release|Any CPU
		{2EAAB6AA-76B2-4611-8EE6-3A5A893AF8A2}.Release|x64.ActiveCfg = Release|Any CPU
		{2EAAB6AA-76B2-4611-8EE6-3A5A893AF8A2}.Release|x64.Build.0 = Release|Any CPU
		{2EAAB6AA-76B2-4611-8EE6-3A5A893AF8A2}.Release|x86.ActiveCfg = Release|Any CPU
		{2EAAB6AA-76B2-4611-8EE6-3A5A893AF8A2}.Release|x86.Build.0 = Release|Any CPU
		{2E2A25F0-5ABC-41AE-BD4E-826D2C55C065}.Debug|Any CPU.ActiveCfg = Debug|Any CPU
		{2E2A25F0-5ABC-41AE-BD4E-826D2C55C065}.Debug|Any CPU.Build.0 = Debug|Any CPU
		{2E2A25F0-5ABC-41AE-BD4E-826D2C55C065}.Debug|x64.ActiveCfg = Debug|Any CPU
		{2E2A25F0-5ABC-41AE-BD4E-826D2C55C065}.Debug|x64.Build.0 = Debug|Any CPU
		{2E2A25F0-5ABC-41AE-BD4E-826D2C55C065}.Debug|x86.ActiveCfg = Debug|Any CPU
		{2E2A25F0-5ABC-41AE-BD4E-826D2C55C065}.Debug|x86.Build.0 = Debug|Any CPU
		{2E2A25F0-5ABC-41AE-BD4E-826D2C55C065}.Release|Any CPU.ActiveCfg = Release|Any CPU
		{2E2A25F0-5ABC-41AE-BD4E-826D2C55C065}.Release|Any CPU.Build.0 = Release|Any CPU
		{2E2A25F0-5ABC-41AE-BD4E-826D2C55C065}.Release|x64.ActiveCfg = Release|Any CPU
		{2E2A25F0-5ABC-41AE-BD4E-826D2C55C065}.Release|x64.Build.0 = Release|Any CPU
		{2E2A25F0-5ABC-41AE-BD4E-826D2C55C065}.Release|x86.ActiveCfg = Release|Any CPU
		{2E2A25F0-5ABC-41AE-BD4E-826D2C55C065}.Release|x86.Build.0 = Release|Any CPU
		{837DD93D-6099-43EE-AD80-C7A3BCAC5193}.Debug|Any CPU.ActiveCfg = Debug|Any CPU
		{837DD93D-6099-43EE-AD80-C7A3BCAC5193}.Debug|Any CPU.Build.0 = Debug|Any CPU
		{837DD93D-6099-43EE-AD80-C7A3BCAC5193}.Debug|x64.ActiveCfg = Debug|Any CPU
		{837DD93D-6099-43EE-AD80-C7A3BCAC5193}.Debug|x64.Build.0 = Debug|Any CPU
		{837DD93D-6099-43EE-AD80-C7A3BCAC5193}.Debug|x86.ActiveCfg = Debug|Any CPU
		{837DD93D-6099-43EE-AD80-C7A3BCAC5193}.Debug|x86.Build.0 = Debug|Any CPU
		{837DD93D-6099-43EE-AD80-C7A3BCAC5193}.Release|Any CPU.ActiveCfg = Release|Any CPU
		{837DD93D-6099-43EE-AD80-C7A3BCAC5193}.Release|Any CPU.Build.0 = Release|Any CPU
		{837DD93D-6099-43EE-AD80-C7A3BCAC5193}.Release|x64.ActiveCfg = Release|Any CPU
		{837DD93D-6099-43EE-AD80-C7A3BCAC5193}.Release|x64.Build.0 = Release|Any CPU
		{837DD93D-6099-43EE-AD80-C7A3BCAC5193}.Release|x86.ActiveCfg = Release|Any CPU
		{837DD93D-6099-43EE-AD80-C7A3BCAC5193}.Release|x86.Build.0 = Release|Any CPU
		{0D6F4734-0978-4BDB-8C2D-F038C0AC3DC0}.Debug|Any CPU.ActiveCfg = Debug|Any CPU
		{0D6F4734-0978-4BDB-8C2D-F038C0AC3DC0}.Debug|Any CPU.Build.0 = Debug|Any CPU
		{0D6F4734-0978-4BDB-8C2D-F038C0AC3DC0}.Debug|x64.ActiveCfg = Debug|Any CPU
		{0D6F4734-0978-4BDB-8C2D-F038C0AC3DC0}.Debug|x64.Build.0 = Debug|Any CPU
		{0D6F4734-0978-4BDB-8C2D-F038C0AC3DC0}.Debug|x86.ActiveCfg = Debug|Any CPU
		{0D6F4734-0978-4BDB-8C2D-F038C0AC3DC0}.Debug|x86.Build.0 = Debug|Any CPU
		{0D6F4734-0978-4BDB-8C2D-F038C0AC3DC0}.Release|Any CPU.ActiveCfg = Release|Any CPU
		{0D6F4734-0978-4BDB-8C2D-F038C0AC3DC0}.Release|Any CPU.Build.0 = Release|Any CPU
		{0D6F4734-0978-4BDB-8C2D-F038C0AC3DC0}.Release|x64.ActiveCfg = Release|Any CPU
		{0D6F4734-0978-4BDB-8C2D-F038C0AC3DC0}.Release|x64.Build.0 = Release|Any CPU
		{0D6F4734-0978-4BDB-8C2D-F038C0AC3DC0}.Release|x86.ActiveCfg = Release|Any CPU
		{0D6F4734-0978-4BDB-8C2D-F038C0AC3DC0}.Release|x86.Build.0 = Release|Any CPU
		{9A93C641-F449-4C60-B939-8A70CCC412FB}.Debug|Any CPU.ActiveCfg = Debug|Any CPU
		{9A93C641-F449-4C60-B939-8A70CCC412FB}.Debug|Any CPU.Build.0 = Debug|Any CPU
		{9A93C641-F449-4C60-B939-8A70CCC412FB}.Debug|x64.ActiveCfg = Debug|Any CPU
		{9A93C641-F449-4C60-B939-8A70CCC412FB}.Debug|x64.Build.0 = Debug|Any CPU
		{9A93C641-F449-4C60-B939-8A70CCC412FB}.Debug|x86.ActiveCfg = Debug|Any CPU
		{9A93C641-F449-4C60-B939-8A70CCC412FB}.Debug|x86.Build.0 = Debug|Any CPU
		{9A93C641-F449-4C60-B939-8A70CCC412FB}.Release|Any CPU.ActiveCfg = Release|Any CPU
		{9A93C641-F449-4C60-B939-8A70CCC412FB}.Release|Any CPU.Build.0 = Release|Any CPU
		{9A93C641-F449-4C60-B939-8A70CCC412FB}.Release|x64.ActiveCfg = Release|Any CPU
		{9A93C641-F449-4C60-B939-8A70CCC412FB}.Release|x64.Build.0 = Release|Any CPU
		{9A93C641-F449-4C60-B939-8A70CCC412FB}.Release|x86.ActiveCfg = Release|Any CPU
		{9A93C641-F449-4C60-B939-8A70CCC412FB}.Release|x86.Build.0 = Release|Any CPU
		{48E0082F-64DB-49CC-8386-841E85DA4703}.Debug|Any CPU.ActiveCfg = Debug|Any CPU
		{48E0082F-64DB-49CC-8386-841E85DA4703}.Debug|Any CPU.Build.0 = Debug|Any CPU
		{48E0082F-64DB-49CC-8386-841E85DA4703}.Debug|x64.ActiveCfg = Debug|Any CPU
		{48E0082F-64DB-49CC-8386-841E85DA4703}.Debug|x64.Build.0 = Debug|Any CPU
		{48E0082F-64DB-49CC-8386-841E85DA4703}.Debug|x86.ActiveCfg = Debug|Any CPU
		{48E0082F-64DB-49CC-8386-841E85DA4703}.Debug|x86.Build.0 = Debug|Any CPU
		{48E0082F-64DB-49CC-8386-841E85DA4703}.Release|Any CPU.ActiveCfg = Release|Any CPU
		{48E0082F-64DB-49CC-8386-841E85DA4703}.Release|Any CPU.Build.0 = Release|Any CPU
		{48E0082F-64DB-49CC-8386-841E85DA4703}.Release|x64.ActiveCfg = Release|Any CPU
		{48E0082F-64DB-49CC-8386-841E85DA4703}.Release|x64.Build.0 = Release|Any CPU
		{48E0082F-64DB-49CC-8386-841E85DA4703}.Release|x86.ActiveCfg = Release|Any CPU
		{48E0082F-64DB-49CC-8386-841E85DA4703}.Release|x86.Build.0 = Release|Any CPU
		{9361D39E-C5E7-4941-8083-E6D812EDF96C}.Debug|Any CPU.ActiveCfg = Debug|Any CPU
		{9361D39E-C5E7-4941-8083-E6D812EDF96C}.Debug|Any CPU.Build.0 = Debug|Any CPU
		{9361D39E-C5E7-4941-8083-E6D812EDF96C}.Debug|x64.ActiveCfg = Debug|Any CPU
		{9361D39E-C5E7-4941-8083-E6D812EDF96C}.Debug|x64.Build.0 = Debug|Any CPU
		{9361D39E-C5E7-4941-8083-E6D812EDF96C}.Debug|x86.ActiveCfg = Debug|Any CPU
		{9361D39E-C5E7-4941-8083-E6D812EDF96C}.Debug|x86.Build.0 = Debug|Any CPU
		{9361D39E-C5E7-4941-8083-E6D812EDF96C}.Release|Any CPU.ActiveCfg = Release|Any CPU
		{9361D39E-C5E7-4941-8083-E6D812EDF96C}.Release|Any CPU.Build.0 = Release|Any CPU
		{9361D39E-C5E7-4941-8083-E6D812EDF96C}.Release|x64.ActiveCfg = Release|Any CPU
		{9361D39E-C5E7-4941-8083-E6D812EDF96C}.Release|x64.Build.0 = Release|Any CPU
		{9361D39E-C5E7-4941-8083-E6D812EDF96C}.Release|x86.ActiveCfg = Release|Any CPU
		{9361D39E-C5E7-4941-8083-E6D812EDF96C}.Release|x86.Build.0 = Release|Any CPU
		{A1B4B74C-EB0D-483D-B5A2-E51B8B7B1503}.Debug|Any CPU.ActiveCfg = Debug|Any CPU
		{A1B4B74C-EB0D-483D-B5A2-E51B8B7B1503}.Debug|Any CPU.Build.0 = Debug|Any CPU
		{A1B4B74C-EB0D-483D-B5A2-E51B8B7B1503}.Debug|x64.ActiveCfg = Debug|Any CPU
		{A1B4B74C-EB0D-483D-B5A2-E51B8B7B1503}.Debug|x64.Build.0 = Debug|Any CPU
		{A1B4B74C-EB0D-483D-B5A2-E51B8B7B1503}.Debug|x86.ActiveCfg = Debug|Any CPU
		{A1B4B74C-EB0D-483D-B5A2-E51B8B7B1503}.Debug|x86.Build.0 = Debug|Any CPU
		{A1B4B74C-EB0D-483D-B5A2-E51B8B7B1503}.Release|Any CPU.ActiveCfg = Release|Any CPU
		{A1B4B74C-EB0D-483D-B5A2-E51B8B7B1503}.Release|Any CPU.Build.0 = Release|Any CPU
		{A1B4B74C-EB0D-483D-B5A2-E51B8B7B1503}.Release|x64.ActiveCfg = Release|Any CPU
		{A1B4B74C-EB0D-483D-B5A2-E51B8B7B1503}.Release|x64.Build.0 = Release|Any CPU
		{A1B4B74C-EB0D-483D-B5A2-E51B8B7B1503}.Release|x86.ActiveCfg = Release|Any CPU
		{A1B4B74C-EB0D-483D-B5A2-E51B8B7B1503}.Release|x86.Build.0 = Release|Any CPU
	EndGlobalSection
	GlobalSection(SolutionProperties) = preSolution
		HideSolutionNode = FALSE
	EndGlobalSection
	GlobalSection(NestedProjects) = preSolution
		{C95D801E-E7B5-437A-8958-87D355C5B652} = {827E0CD3-B72D-47B6-A68D-7590B98EB39B}
		{2EAAB6AA-76B2-4611-8EE6-3A5A893AF8A2} = {827E0CD3-B72D-47B6-A68D-7590B98EB39B}
		{2E2A25F0-5ABC-41AE-BD4E-826D2C55C065} = {827E0CD3-B72D-47B6-A68D-7590B98EB39B}
		{837DD93D-6099-43EE-AD80-C7A3BCAC5193} = {827E0CD3-B72D-47B6-A68D-7590B98EB39B}
		{0D6F4734-0978-4BDB-8C2D-F038C0AC3DC0} = {827E0CD3-B72D-47B6-A68D-7590B98EB39B}
		{9A93C641-F449-4C60-B939-8A70CCC412FB} = {827E0CD3-B72D-47B6-A68D-7590B98EB39B}
		{48E0082F-64DB-49CC-8386-841E85DA4703} = {0AB3BF05-4346-4AA6-1389-037BE0695223}
		{9361D39E-C5E7-4941-8083-E6D812EDF96C} = {0AB3BF05-4346-4AA6-1389-037BE0695223}
		{A1B4B74C-EB0D-483D-B5A2-E51B8B7B1503} = {0AB3BF05-4346-4AA6-1389-037BE0695223}
	EndGlobalSection
EndGlobal
