<Solution>
  <Folder Name="/src/">
    <Project Path="src/WeCms.Aop/WeCms.Aop.csproj" />
    <Project Path="src/WeCms.Api/WeCms.Api.csproj" />
    <Project Path="src/WeCms.Caching/WeCms.Caching.csproj" />
    <Project Path="src/WeCms.Data.SqlSugar/WeCms.Data.SqlSugar.csproj" />
    <Project Path="src/WeCms.EventBus/WeCms.EventBus.csproj" />
    <Project Path="src/WeCms.Infrastructure/WeCms.Infrastructure.csproj" />
    <Project Path="src/WeCms.Modules.AccessControl/WeCms.Modules.AccessControl.csproj" />
    <Project Path="src/WeCms.Modules.AccessControl.SqlSugar/WeCms.Modules.AccessControl.SqlSugar.csproj" />
    <Project Path="src/WeCms.Modules.Audit/WeCms.Modules.Audit.csproj" />
    <Project Path="src/WeCms.Modules.Audit.SqlSugar/WeCms.Modules.Audit.SqlSugar.csproj" />
    <Project Path="src/WeCms.Modules.Cms/WeCms.Modules.Cms.csproj" />
    <Project Path="src/WeCms.Modules.Configuration/WeCms.Modules.Configuration.csproj" />
    <Project Path="src/WeCms.Modules.Configuration.SqlSugar/WeCms.Modules.Configuration.SqlSugar.csproj" />
    <Project Path="src/WeCms.Modules.FileCenter/WeCms.Modules.FileCenter.csproj" />
    <Project Path="src/WeCms.Modules.FileCenter.SqlSugar/WeCms.Modules.FileCenter.SqlSugar.csproj" />
    <Project Path="src/WeCms.Modules.Identity/WeCms.Modules.Identity.csproj" />
    <Project Path="src/WeCms.Modules.Identity.SqlSugar/WeCms.Modules.Identity.SqlSugar.csproj" />
    <Project Path="src/WeCms.Modules.Organization/WeCms.Modules.Organization.csproj" />
    <Project Path="src/WeCms.Modules.Organization.SqlSugar/WeCms.Modules.Organization.SqlSugar.csproj" />
    <Project Path="src/WeCms.Modules.Platform/WeCms.Modules.Platform.csproj" />
    <Project Path="src/WeCms.Modules.Security/WeCms.Modules.Security.csproj" />
    <Project Path="src/WeCms.Modules.Security.SqlSugar/WeCms.Modules.Security.SqlSugar.csproj" />
    <Project Path="src/WeCms.Modules.System/WeCms.Modules.System.csproj" />
    <Project Path="src/WeCms.Persistence/WeCms.Persistence.csproj" />
    <Project Path="src/WeCms.Shared/WeCms.Shared.csproj" />
  </Folder>
  <Folder Name="/tests/">
    <Project Path="tests/WeCms.Tests.Architecture/WeCms.Tests.Architecture.csproj" />
    <Project Path="tests/WeCms.Tests.Integration/WeCms.Tests.Integration.csproj" />
    <Project Path="tests/WeCms.Tests.Unit/WeCms.Tests.Unit.csproj" />
  </Folder>
</Solution>
